// !$*UTF8*$!
{
	archiveVersion = 1;
	classes = {
	};
	objectVersion = 50;
	objects = {

/* Begin PBXBuildFile section */
		411146042400BCA8000306EE /* DebtCell.swift in Sources */ = {isa = PBXBuildFile; fileRef = 411146032400BCA8000306EE /* DebtCell.swift */; };
		411146062400BD40000306EE /* Debt.swift in Sources */ = {isa = PBXBuildFile; fileRef = 411146052400BD40000306EE /* Debt.swift */; };
		4193519C23ECC0F700E1E4A8 /* AppDelegate.swift in Sources */ = {isa = PBXBuildFile; fileRef = 4193519B23ECC0F700E1E4A8 /* AppDelegate.swift */; };
		4193519E23ECC0F700E1E4A8 /* SceneDelegate.swift in Sources */ = {isa = PBXBuildFile; fileRef = 4193519D23ECC0F700E1E4A8 /* SceneDelegate.swift */; };
		419351A523ECC0F800E1E4A8 /* Assets.xcassets in Resources */ = {isa = PBXBuildFile; fileRef = 419351A423ECC0F800E1E4A8 /* Assets.xcassets */; };
		419351A823ECC0F800E1E4A8 /* LaunchScreen.storyboard in Resources */ = {isa = PBXBuildFile; fileRef = 419351A623ECC0F800E1E4A8 /* LaunchScreen.storyboard */; };
		419351B023ECC1A200E1E4A8 /* MainVC.swift in Sources */ = {isa = PBXBuildFile; fileRef = 419351AF23ECC1A200E1E4A8 /* MainVC.swift */; };
		41C7790123FC74C000F4FAF7 /* ProfileVC.swift in Sources */ = {isa = PBXBuildFile; fileRef = 41C7790023FC74C000F4FAF7 /* ProfileVC.swift */; };
/* End PBXBuildFile section */

/* Begin PBXFileReference section */
		411146032400BCA8000306EE /* DebtCell.swift */ = {isa = PBXFileReference; lastKnownFileType = sourcecode.swift; path = DebtCell.swift; sourceTree = "<group>"; };
		411146052400BD40000306EE /* Debt.swift */ = {isa = PBXFileReference; lastKnownFileType = sourcecode.swift; path = Debt.swift; sourceTree = "<group>"; };
		4193519823ECC0F700E1E4A8 /* byeDebt.app */ = {isa = PBXFileReference; explicitFileType = wrapper.application; includeInIndex = 0; path = byeDebt.app; sourceTree = BUILT_PRODUCTS_DIR; };
		4193519B23ECC0F700E1E4A8 /* AppDelegate.swift */ = {isa = PBXFileReference; lastKnownFileType = sourcecode.swift; path = AppDelegate.swift; sourceTree = "<group>"; };
		4193519D23ECC0F700E1E4A8 /* SceneDelegate.swift */ = {isa = PBXFileReference; lastKnownFileType = sourcecode.swift; path = SceneDelegate.swift; sourceTree = "<group>"; };
		419351A423ECC0F800E1E4A8 /* Assets.xcassets */ = {isa = PBXFileReference; lastKnownFileType = folder.assetcatalog; path = Assets.xcassets; sourceTree = "<group>"; };
		419351A723ECC0F800E1E4A8 /* Base */ = {isa = PBXFileReference; lastKnownFileType = file.storyboard; name = Base; path = Base.lproj/LaunchScreen.storyboard; sourceTree = "<group>"; };
		419351A923ECC0F800E1E4A8 /* Info.plist */ = {isa = PBXFileReference; lastKnownFileType = text.plist.xml; path = Info.plist; sourceTree = "<group>"; };
		419351AF23ECC1A200E1E4A8 /* MainVC.swift */ = {isa = PBXFileReference; lastKnownFileType = sourcecode.swift; path = MainVC.swift; sourceTree = "<group>"; };
		41C7790023FC74C000F4FAF7 /* ProfileVC.swift */ = {isa = PBXFileReference; lastKnownFileType = sourcecode.swift; path = ProfileVC.swift; sourceTree = "<group>"; };
/* End PBXFileReference section */

/* Begin PBXFrameworksBuildPhase section */
		4193519523ECC0F700E1E4A8 /* Frameworks */ = {
			isa = PBXFrameworksBuildPhase;
			buildActionMask = 2147483647;
			files = (
			);
			runOnlyForDeploymentPostprocessing = 0;
		};
/* End PBXFrameworksBuildPhase section */

/* Begin PBXGroup section */
		4193518F23ECC0F700E1E4A8 = {
			isa = PBXGroup;
			children = (
				4193519A23ECC0F700E1E4A8 /* byeDebt */,
				4193519923ECC0F700E1E4A8 /* Products */,
			);
			sourceTree = "<group>";
		};
		4193519923ECC0F700E1E4A8 /* Products */ = {
			isa = PBXGroup;
			children = (
				4193519823ECC0F700E1E4A8 /* byeDebt.app */,
			);
			name = Products;
			sourceTree = "<group>";
		};
		4193519A23ECC0F700E1E4A8 /* byeDebt */ = {
			isa = PBXGroup;
			children = (
				4193519B23ECC0F700E1E4A8 /* AppDelegate.swift */,
				4193519D23ECC0F700E1E4A8 /* SceneDelegate.swift */,
				419351A423ECC0F800E1E4A8 /* Assets.xcassets */,
				419351A623ECC0F800E1E4A8 /* LaunchScreen.storyboard */,
				419351A923ECC0F800E1E4A8 /* Info.plist */,
				419351AF23ECC1A200E1E4A8 /* MainVC.swift */,
				411146052400BD40000306EE /* Debt.swift */,
				41C7790023FC74C000F4FAF7 /* ProfileVC.swift */,
				411146032400BCA8000306EE /* DebtCell.swift */,
			);
			path = byeDebt;
			sourceTree = "<group>";
		};
/* End PBXGroup section */

/* Begin PBXNativeTarget section */
		4193519723ECC0F700E1E4A8 /* byeDebt */ = {
			isa = PBXNativeTarget;
			buildConfigurationList = 419351AC23ECC0F800E1E4A8 /* Build configuration list for PBXNativeTarget "byeDebt" */;
			buildPhases = (
				4193519423ECC0F700E1E4A8 /* Sources */,
				4193519523ECC0F700E1E4A8 /* Frameworks */,
				4193519623ECC0F700E1E4A8 /* Resources */,
			);
			buildRules = (
			);
			dependencies = (
			);
			name = byeDebt;
			productName = byeDebt;
			productReference = 4193519823ECC0F700E1E4A8 /* byeDebt.app */;
			productType = "com.apple.product-type.application";
		};
/* End PBXNativeTarget section */

/* Begin PBXProject section */
		4193519023ECC0F700E1E4A8 /* Project object */ = {
			isa = PBXProject;
			attributes = {
				LastSwiftUpdateCheck = 1130;
				LastUpgradeCheck = 1130;
				ORGANIZATIONNAME = "Andres Quintero";
				TargetAttributes = {
					4193519723ECC0F700E1E4A8 = {
						CreatedOnToolsVersion = 11.3.1;
					};
				};
			};
			buildConfigurationList = 4193519323ECC0F700E1E4A8 /* Build configuration list for PBXProject "byeDebt" */;
			compatibilityVersion = "Xcode 9.3";
			developmentRegion = en;
			hasScannedForEncodings = 0;
			knownRegions = (
				en,
				Base,
			);
			mainGroup = 4193518F23ECC0F700E1E4A8;
			productRefGroup = 4193519923ECC0F700E1E4A8 /* Products */;
			projectDirPath = "";
			projectRoot = "";
			targets = (
				4193519723ECC0F700E1E4A8 /* byeDebt */,
			);
		};
/* End PBXProject section */

/* Begin PBXResourcesBuildPhase section */
		4193519623ECC0F700E1E4A8 /* Resources */ = {
			isa = PBXResourcesBuildPhase;
			buildActionMask = 2147483647;
			files = (
				419351A823ECC0F800E1E4A8 /* LaunchScreen.storyboard in Resources */,
				419351A523ECC0F800E1E4A8 /* Assets.xcassets in Resources */,
			);
			runOnlyForDeploymentPostprocessing = 0;
		};
/* End PBXResourcesBuildPhase section */

/* Begin PBXSourcesBuildPhase section */
		4193519423ECC0F700E1E4A8 /* Sources */ = {
			isa = PBXSourcesBuildPhase;
			buildActionMask = 2147483647;
			files = (
				411146062400BD40000306EE /* Debt.swift in Sources */,
				411146042400BCA8000306EE /* DebtCell.swift in Sources */,
				41C7790123FC74C000F4FAF7 /* ProfileVC.swift in Sources */,
				4193519C23ECC0F700E1E4A8 /* AppDelegate.swift in Sources */,
				419351B023ECC1A200E1E4A8 /* MainVC.swift in Sources */,
				4193519E23ECC0F700E1E4A8 /* SceneDelegate.swift in Sources */,
			);
			runOnlyForDeploymentPostprocessing = 0;
		};
/* End PBXSourcesBuildPhase section */

/* Begin PBXVariantGroup section */
		419351A623ECC0F800E1E4A8 /* LaunchScreen.storyboard */ = {
			isa = PBXVariantGroup;
			children = (
				419351A723ECC0F800E1E4A8 /* Base */,
			);
			name = LaunchScreen.storyboard;
			sourceTree = "<group>";
		};
/* End PBXVariantGroup section */

/* Begin XCBuildConfiguration section */
		419351AA23ECC0F800E1E4A8 /* Debug */ = {
			isa = XCBuildConfiguration;
			buildSettings = {
				ALWAYS_SEARCH_USER_PATHS = NO;
				CLANG_ANALYZER_NONNULL = YES;
				CLANG_ANALYZER_NUMBER_OBJECT_CONVERSION = YES_AGGRESSIVE;
				CLANG_CXX_LANGUAGE_STANDARD = "gnu++14";
				CLANG_CXX_LIBRARY = "libc++";
				CLANG_ENABLE_MODULES = YES;
				CLANG_ENABLE_OBJC_ARC = YES;
				CLANG_ENABLE_OBJC_WEAK = YES;
				CLANG_WARN_BLOCK_CAPTURE_AUTORELEASING = YES;
				CLANG_WARN_BOOL_CONVERSION = YES;
				CLANG_WARN_COMMA = YES;
				CLANG_WARN_CONSTANT_CONVERSION = YES;
				CLANG_WARN_DEPRECATED_OBJC_IMPLEMENTATIONS = YES;
				CLANG_WARN_DIRECT_OBJC_ISA_USAGE = YES_ERROR;
				CLANG_WARN_DOCUMENTATION_COMMENTS = YES;
				CLANG_WARN_EMPTY_BODY = YES;
				CLANG_WARN_ENUM_CONVERSION = YES;
				CLANG_WARN_INFINITE_RECURSION = YES;
				CLANG_WARN_INT_CONVERSION = YES;
				CLANG_WARN_NON_LITERAL_NULL_CONVERSION = YES;
				CLANG_WARN_OBJC_IMPLICIT_RETAIN_SELF = YES;
				CLANG_WARN_OBJC_LITERAL_CONVERSION = YES;
				CLANG_WARN_OBJC_ROOT_CLASS = YES_ERROR;
				CLANG_WARN_RANGE_LOOP_ANALYSIS = YES;
				CLANG_WARN_STRICT_PROTOTYPES = YES;
				CLANG_WARN_SUSPICIOUS_MOVE = YES;
				CLANG_WARN_UNGUARDED_AVAILABILITY = YES_AGGRESSIVE;
				CLANG_WARN_UNREACHABLE_CODE = YES;
				CLANG_WARN__DUPLICATE_METHOD_MATCH = YES;
				COPY_PHASE_STRIP = NO;
				DEBUG_INFORMATION_FORMAT = dwarf;
				ENABLE_STRICT_OBJC_MSGSEND = YES;
				ENABLE_TESTABILITY = YES;
				GCC_C_LANGUAGE_STANDARD = gnu11;
				GCC_DYNAMIC_NO_PIC = NO;
				GCC_NO_COMMON_BLOCKS = YES;
				GCC_OPTIMIZATION_LEVEL = 0;
				GCC_PREPROCESSOR_DEFINITIONS = (
					"DEBUG=1",
					"$(inherited)",
				);
				GCC_WARN_64_TO_32_BIT_CONVERSION = YES;
				GCC_WARN_ABOUT_RETURN_TYPE = YES_ERROR;
				GCC_WARN_UNDECLARED_SELECTOR = YES;
				GCC_WARN_UNINITIALIZED_AUTOS = YES_AGGRESSIVE;
				GCC_WARN_UNUSED_FUNCTION = YES;
				GCC_WARN_UNUSED_VARIABLE = YES;
				IPHONEOS_DEPLOYMENT_TARGET = 13.2;
				MTL_ENABLE_DEBUG_INFO = INCLUDE_SOURCE;
				MTL_FAST_MATH = YES;
				ONLY_ACTIVE_ARCH = YES;
				SDKROOT = iphoneos;
				SWIFT_ACTIVE_COMPILATION_CONDITIONS = DEBUG;
				SWIFT_OPTIMIZATION_LEVEL = "-Onone";
			};
			name = Debug;
		};
		419351AB23ECC0F800E1E4A8 /* Release */ = {
			isa = XCBuildConfiguration;
			buildSettings = {
				ALWAYS_SEARCH_USER_PATHS = NO;
				CLANG_ANALYZER_NONNULL = YES;
				CLANG_ANALYZER_NUMBER_OBJECT_CONVERSION = YES_AGGRESSIVE;
				CLANG_CXX_LANGUAGE_STANDARD = "gnu++14";
				CLANG_CXX_LIBRARY = "libc++";
				CLANG_ENABLE_MODULES = YES;
				CLANG_ENABLE_OBJC_ARC = YES;
				CLANG_ENABLE_OBJC_WEAK = YES;
				CLANG_WARN_BLOCK_CAPTURE_AUTORELEASING = YES;
				CLANG_WARN_BOOL_CONVERSION = YES;
				CLANG_WARN_COMMA = YES;
				CLANG_WARN_CONSTANT_CONVERSION = YES;
				CLANG_WARN_DEPRECATED_OBJC_IMPLEMENTATIONS = YES;
				CLANG_WARN_DIRECT_OBJC_ISA_USAGE = YES_ERROR;
				CLANG_WARN_DOCUMENTATION_COMMENTS = YES;
				CLANG_WARN_EMPTY_BODY = YES;
				CLANG_WARN_ENUM_CONVERSION = YES;
				CLANG_WARN_INFINITE_RECURSION = YES;
				CLANG_WARN_INT_CONVERSION = YES;
				CLANG_WARN_NON_LITERAL_NULL_CONVERSION = YES;
				CLANG_WARN_OBJC_IMPLICIT_RETAIN_SELF = YES;
				CLANG_WARN_OBJC_LITERAL_CONVERSION = YES;
				CLANG_WARN_OBJC_ROOT_CLASS = YES_ERROR;
				CLANG_WARN_RANGE_LOOP_ANALYSIS = YES;
				CLANG_WARN_STRICT_PROTOTYPES = YES;
				CLANG_WARN_SUSPICIOUS_MOVE = YES;
				CLANG_WARN_UNGUARDED_AVAILABILITY = YES_AGGRESSIVE;
				CLANG_WARN_UNREACHABLE_CODE = YES;
				CLANG_WARN__DUPLICATE_METHOD_MATCH = YES;
				COPY_PHASE_STRIP = NO;
				DEBUG_INFORMATION_FORMAT = "dwarf-with-dsym";
				ENABLE_NS_ASSERTIONS = NO;
				ENABLE_STRICT_OBJC_MSGSEND = YES;
				GCC_C_LANGUAGE_STANDARD = gnu11;
				GCC_NO_COMMON_BLOCKS = YES;
				GCC_WARN_64_TO_32_BIT_CONVERSION = YES;
				GCC_WARN_ABOUT_RETURN_TYPE = YES_ERROR;
				GCC_WARN_UNDECLARED_SELECTOR = YES;
				GCC_WARN_UNINITIALIZED_AUTOS = YES_AGGRESSIVE;
				GCC_WARN_UNUSED_FUNCTION = YES;
				GCC_WARN_UNUSED_VARIABLE = YES;
				IPHONEOS_DEPLOYMENT_TARGET = 13.2;
				MTL_ENABLE_DEBUG_INFO = NO;
				MTL_FAST_MATH = YES;
				SDKROOT = iphoneos;
				SWIFT_COMPILATION_MODE = wholemodule;
				SWIFT_OPTIMIZATION_LEVEL = "-O";
				VALIDATE_PRODUCT = YES;
			};
			name = Release;
		};
		419351AD23ECC0F800E1E4A8 /* Debug */ = {
			isa = XCBuildConfiguration;
			buildSettings = {
				ASSETCATALOG_COMPILER_APPICON_NAME = AppIcon;
				CODE_SIGN_STYLE = Automatic;
				DEVELOPMENT_TEAM = AWL4K6T745;
				INFOPLIST_FILE = byeDebt/Info.plist;
				LD_RUNPATH_SEARCH_PATHS = (
					"$(inherited)",
					"@executable_path/Frameworks",
				);
				PRODUCT_BUNDLE_IDENTIFIER = com.andresq.byeDebt;
				PRODUCT_NAME = "$(TARGET_NAME)";
				SWIFT_VERSION = 5.0;
				TARGETED_DEVICE_FAMILY = "1,2";
			};
			name = Debug;
		};
		419351AE23ECC0F800E1E4A8 /* Release */ = {
			isa = XCBuildConfiguration;
			buildSettings = {
				ASSETCATALOG_COMPILER_APPICON_NAME = AppIcon;
				CODE_SIGN_STYLE = Automatic;
				DEVELOPMENT_TEAM = AWL4K6T745;
				INFOPLIST_FILE = byeDebt/Info.plist;
				LD_RUNPATH_SEARCH_PATHS = (
					"$(inherited)",
					"@executable_path/Frameworks",
				);
				PRODUCT_BUNDLE_IDENTIFIER = com.andresq.byeDebt;
				PRODUCT_NAME = "$(TARGET_NAME)";
				SWIFT_VERSION = 5.0;
				TARGETED_DEVICE_FAMILY = "1,2";
			};
			name = Release;
		};
/* End XCBuildConfiguration section */

/* Begin XCConfigurationList section */
		4193519323ECC0F700E1E4A8 /* Build configuration list for PBXProject "byeDebt" */ = {
			isa = XCConfigurationList;
			buildConfigurations = (
				419351AA23ECC0F800E1E4A8 /* Debug */,
				419351AB23ECC0F800E1E4A8 /* Release */,
			);
			defaultConfigurationIsVisible = 0;
			defaultConfigurationName = Release;
		};
		419351AC23ECC0F800E1E4A8 /* Build configuration list for PBXNativeTarget "byeDebt" */ = {
			isa = XCConfigurationList;
			buildConfigurations = (
				419351AD23ECC0F800E1E4A8 /* Debug */,
				419351AE23ECC0F800E1E4A8 /* Release */,
			);
			defaultConfigurationIsVisible = 0;
			defaultConfigurationName = Release;
		};
/* End XCConfigurationList section */
	};
	rootObject = 4193519023ECC0F700E1E4A8 /* Project object */;
}
